<?xml version="1.0" encoding="utf-8"?>
<Project ToolsVersion="4.0" xmlns="http://schemas.microsoft.com/developer/msbuild/2003">
  <ItemGroup>
    <Filter Include="Framework">
      <UniqueIdentifier>{4FC737F1-C7A5-4376-A066-2A32D752A2FF}</UniqueIdentifier>
      <Extensions>cpp;c;cc;cxx;c++;cppm;ixx;def;odl;idl;hpj;bat;asm;asmx</Extensions>
    </Filter>
    <Filter Include="Gameplay">
      <UniqueIdentifier>{9f87d256-79fa-4f47-aa73-1513d798d874}</UniqueIdentifier>
    </Filter>
  </ItemGroup>
  <ItemGroup>
    <ClCompile Include="Main_Windows.cpp">
      <Filter>Framework</Filter>
    </ClCompile>
    <ClCompile Include="App.cpp">
      <Filter>Framework</Filter>
    </ClCompile>
    <ClCompile Include="PlayerShip.cpp">
      <Filter>Gameplay</Filter>
    </ClCompile>
    <ClCompile Include="Game.cpp">
      <Filter>Framework</Filter>
    </ClCompile>
    <ClCompile Include="Entity.cpp">
      <Filter>Gameplay</Filter>
    </ClCompile>
    <ClCompile Include="Bullet.cpp">
      <Filter>Gameplay</Filter>
    </ClCompile>
    <ClCompile Include="Asteroid.cpp">
      <Filter>Gameplay</Filter>
    </ClCompile>
    <ClCompile Include="GameCommon.cpp">
      <Filter>Framework</Filter>
    </ClCompile>
    <ClCompile Include="Beetle.cpp">
      <Filter>Gameplay</Filter>
    </ClCompile>
    <ClCompile Include="Wasp.cpp">
      <Filter>Gameplay</Filter>
    </ClCompile>
    <ClCompile Include="Debris.cpp">
      <Filter>Gameplay</Filter>
    </ClCompile>
    <ClCompile Include="Sun.cpp">
      <Filter>Gameplay</Filter>
    </ClCompile>
    <ClCompile Include="Planet.cpp">
      <Filter>Gameplay</Filter>
    </ClCompile>
    <ClCompile Include="LightSource.cpp">
      <Filter>Gameplay</Filter>
    </ClCompile>
    <ClCompile Include="DualShooter.cpp">
      <Filter>Gameplay</Filter>
    </ClCompile>
    <ClCompile Include="MultiShooter.cpp">
      <Filter>Gameplay</Filter>
    </ClCompile>
    <ClCompile Include="MissileShooter.cpp">
      <Filter>Gameplay</Filter>
    </ClCompile>
    <ClCompile Include="QuestManager.cpp">
      <Filter>Gameplay</Filter>
    </ClCompile>
    <ClCompile Include="Pickup.cpp">
      <Filter>Gameplay</Filter>
    </ClCompile>
  </ItemGroup>
  <ItemGroup>
    <ClInclude Include="App.hpp">
      <Filter>Framework</Filter>
    </ClInclude>
    <ClInclude Include="Game.hpp">
      <Filter>Framework</Filter>
    </ClInclude>
    <ClInclude Include="PlayerShip.hpp">
      <Filter>Gameplay</Filter>
    </ClInclude>
    <ClInclude Include="Entity.hpp">
      <Filter>Gameplay</Filter>
    </ClInclude>
    <ClInclude Include="Bullet.hpp">
      <Filter>Gameplay</Filter>
    </ClInclude>
    <ClInclude Include="Asteroid.hpp">
      <Filter>Gameplay</Filter>
    </ClInclude>
    <ClInclude Include="GameCommon.hpp">
      <Filter>Framework</Filter>
    </ClInclude>
    <ClInclude Include="Beetle.hpp">
      <Filter>Gameplay</Filter>
    </ClInclude>
    <ClInclude Include="Wasp.hpp">
      <Filter>Gameplay</Filter>
    </ClInclude>
    <ClInclude Include="Debris.hpp">
      <Filter>Gameplay</Filter>
    </ClInclude>
    <ClInclude Include="EngineBuildPreferences.hpp">
      <Filter>Framework</Filter>
    </ClInclude>
    <ClInclude Include="Sun.hpp">
      <Filter>Gameplay</Filter>
    </ClInclude>
    <ClInclude Include="Planet.hpp">
      <Filter>Gameplay</Filter>
    </ClInclude>
    <ClInclude Include="LightSource.hpp">
      <Filter>Gameplay</Filter>
    </ClInclude>
    <ClInclude Include="DualShooter.hpp">
      <Filter>Gameplay</Filter>
    </ClInclude>
    <ClInclude Include="MultiShooter.hpp">
      <Filter>Gameplay</Filter>
    </ClInclude>
    <ClInclude Include="MissileShooter.hpp">
      <Filter>Gameplay</Filter>
    </ClInclude>
    <ClInclude Include="QuestManager.hpp">
      <Filter>Gameplay</Filter>
    </ClInclude>
    <ClInclude Include="Pickup.hpp">
      <Filter>Gameplay</Filter>
    </ClInclude>
  </ItemGroup>
  <ItemGroup>
    <Text Include="..\..\ReadMe.md" />
  </ItemGroup>
</Project>